{
  "name": "ao-item-snapshot",
  "version": "1.0.0",
  "lockfileVersion": 3,
  "requires": true,
  "packages": {
    "": {
      "name": "ao-item-snapshot",
      "version": "1.0.0",
      "license": "ISC",
      "devDependencies": {
        "directory-index-html": "^2.1.0"
      }
    },
    "node_modules/directory-index-html": {
      "version": "2.1.0",
      "resolved": "https://registry.npmjs.org/directory-index-html/-/directory-index-html-2.1.0.tgz",
      "integrity": "sha512-ym5rmM/qbVJ2+H/6DhThECBlGsNlQOx3yi4CENr3SdDaVH2K5rE9guslLiSwx1YfDSElQuRJ1ugX/ReR3QNZJQ==",
      "dev": true,
      "license": "MIT"
    }
  }
}
